
Microsoft Visual Studio Solution File, Format Version 12.00
# Visual Studio 15
VisualStudioVersion = 15.0.28307.168
MinimumVisualStudioVersion = 10.0.40219.1
Project("{FAE04EC0-301F-11D3-BF4B-00C04F79EFBC}") = "FightSimV2", "FightSimV2\FightSimV2.csproj", "{CE04C6EB-043D-416C-99B7-0ACC2AD59196}"
EndProject
Global
	GlobalSection(SolutionConfigurationPlatforms) = preSolution
		Debug|Any CPU = Debug|Any CPU
		Release|Any CPU = Release|Any CPU
	EndGlobalSection
	GlobalSection(ProjectConfigurationPlatforms) = postSolution
		{CE04C6EB-043D-416C-99B7-0ACC2AD59196}.Debug|Any CPU.ActiveCfg = Debug|Any CPU
		{CE04C6EB-043D-416C-99B7-0ACC2AD59196}.Debug|Any CPU.Build.0 = Debug|Any CPU
		{CE04C6EB-043D-416C-99B7-0ACC2AD59196}.Release|Any CPU.ActiveCfg = Release|Any CPU
		{CE04C6EB-043D-416C-99B7-0ACC2AD59196}.Release|Any CPU.Build.0 = Release|Any CPU
	EndGlobalSection
	GlobalSection(SolutionProperties) = preSolution
		HideSolutionNode = FALSE
	EndGlobalSection
	GlobalSection(ExtensibilityGlobals) = postSolution
		SolutionGuid = {3526BCA7-F598-4419-817B-117F09A82882}
	EndGlobalSection
EndGlobal
